
Microsoft Visual Studio Solution File, Format Version 12.00
# Visual Studio Version 17
VisualStudioVersion = 17.2.32630.192
MinimumVisualStudioVersion = 10.0.40219.1
Project("{FAE04EC0-301F-11D3-BF4B-00C04F79EFBC}") = "DriverManagement", "DriverManagement\DriverManagement.csproj", "{A5BCE121-2E81-463A-967B-B1850D3D6EAB}"
EndProject
Global
	GlobalSection(SolutionConfigurationPlatforms) = preSolution
		Debug|Any CPU = Debug|Any CPU
		Release|Any CPU = Release|Any CPU
	EndGlobalSection
	GlobalSection(ProjectConfigurationPlatforms) = postSolution
		{A5BCE121-2E81-463A-967B-B1850D3D6EAB}.Debug|Any CPU.ActiveCfg = Debug|Any CPU
		{A5BCE121-2E81-463A-967B-B1850D3D6EAB}.Debug|Any CPU.Build.0 = Debug|Any CPU
		{A5BCE121-2E81-463A-967B-B1850D3D6EAB}.Release|Any CPU.ActiveCfg = Release|Any CPU
		{A5BCE121-2E81-463A-967B-B1850D3D6EAB}.Release|Any CPU.Build.0 = Release|Any CPU
	EndGlobalSection
	GlobalSection(SolutionProperties) = preSolution
		HideSolutionNode = FALSE
	EndGlobalSection
	GlobalSection(ExtensibilityGlobals) = postSolution
		SolutionGuid = {4CE4733E-452C-45C0-92D8-8CC96C6258E2}
	EndGlobalSection
EndGlobal
